
Microsoft Visual Studio Solution File, Format Version 12.00
# Visual Studio Version 17
VisualStudioVersion = 17.0.31903.59
MinimumVisualStudioVersion = 10.0.40219.1
Project("{2150E333-8FDC-42A3-9474-1A3956D46DE8}") = "packages", "packages", "{731CA816-FCF5-449A-8A2E-7BE6E3CD5911}"
EndProject
Project("{FAE04EC0-301F-11D3-BF4B-00C04F79EFBC}") = "DtoB.Bim", "packages\DtoB.Bim\DtoB.Bim.csproj", "{95DCF503-9C5A-4D86-93CE-87EAD75F6FA7}"
EndProject
Project("{FAE04EC0-301F-11D3-BF4B-00C04F79EFBC}") = "DtoB.Cad", "packages\DtoB.Cad\DtoB.Cad.csproj", "{7A49F909-77F1-496D-8656-0C9F008E8083}"
EndProject
Project("{FAE04EC0-301F-11D3-BF4B-00C04F79EFBC}") = "DtoB.Core", "packages\DtoB.Core\DtoB.Core.csproj", "{FA309674-00B7-44DE-AFB0-358DC6EE49BA}"
EndProject
Project("{FAE04EC0-301F-11D3-BF4B-00C04F79EFBC}") = "DtoB.Geometry", "packages\DtoB.Geometry\DtoB.Geometry.csproj", "{4258A46E-EE3E-4580-B67F-4546C7CD99B1}"
EndProject
Project("{FAE04EC0-301F-11D3-BF4B-00C04F79EFBC}") = "DtoB.Ipc", "packages\DtoB.Ipc\DtoB.Ipc.csproj", "{F50D377B-9438-4F4C-9D39-A183524CF1C9}"
EndProject
Project("{2150E333-8FDC-42A3-9474-1A3956D46DE8}") = "services", "services", "{BB099049-728A-4B86-A6BC-7665A264C0B3}"
EndProject
Project("{FAE04EC0-301F-11D3-BF4B-00C04F79EFBC}") = "DtoB.Analysis", "services\DtoB.Analysis\DtoB.Analysis.csproj", "{8B54604D-6672-4C51-9F25-9C550C43EC88}"
EndProject
Project("{2150E333-8FDC-42A3-9474-1A3956D46DE8}") = "revit", "revit", "{02F78BCC-DBBB-4F97-BC8C-1D215FC9F36E}"
EndProject
Project("{FAE04EC0-301F-11D3-BF4B-00C04F79EFBC}") = "DtoB.Revit.Core", "revit\DtoB.Revit.Core\DtoB.Revit.Core.csproj", "{706C30FB-36B4-4A77-902C-71154951C057}"
EndProject
Project("{FAE04EC0-301F-11D3-BF4B-00C04F79EFBC}") = "DtoB.Revit2025", "revit\DtoB.Revit2025\DtoB.Revit2025.csproj", "{9A59846C-EC39-42B3-B3D1-9F94D7798C60}"
EndProject
Project("{2150E333-8FDC-42A3-9474-1A3956D46DE8}") = "apps", "apps", "{0D6BB799-08EF-48A9-8121-4F0AE64D80BB}"
EndProject
Project("{FAE04EC0-301F-11D3-BF4B-00C04F79EFBC}") = "DtoB.Desktop", "apps\DtoB.Desktop\DtoB.Desktop.csproj", "{EC354785-E676-48A8-BBFB-24F017B90530}"
EndProject
Project("{2150E333-8FDC-42A3-9474-1A3956D46DE8}") = "tests", "tests", "{D66E3B21-4FE4-4DA2-8500-13838537B64F}"
EndProject
Project("{FAE04EC0-301F-11D3-BF4B-00C04F79EFBC}") = "DtoB.Tests", "tests\DtoB.Tests\DtoB.Tests.csproj", "{1917C8B2-0254-4A7B-A50E-BC98F863FF47}"
EndProject
Global
	GlobalSection(SolutionConfigurationPlatforms) = preSolution
		Debug|Any CPU = Debug|Any CPU
		Release|Any CPU = Release|Any CPU
	EndGlobalSection
	GlobalSection(SolutionProperties) = preSolution
		HideSolutionNode = FALSE
	EndGlobalSection
	GlobalSection(ProjectConfigurationPlatforms) = postSolution
		{95DCF503-9C5A-4D86-93CE-87EAD75F6FA7}.Debug|Any CPU.ActiveCfg = Debug|Any CPU
		{95DCF503-9C5A-4D86-93CE-87EAD75F6FA7}.Debug|Any CPU.Build.0 = Debug|Any CPU
		{95DCF503-9C5A-4D86-93CE-87EAD75F6FA7}.Release|Any CPU.ActiveCfg = Release|Any CPU
		{95DCF503-9C5A-4D86-93CE-87EAD75F6FA7}.Release|Any CPU.Build.0 = Release|Any CPU
		{7A49F909-77F1-496D-8656-0C9F008E8083}.Debug|Any CPU.ActiveCfg = Debug|Any CPU
		{7A49F909-77F1-496D-8656-0C9F008E8083}.Debug|Any CPU.Build.0 = Debug|Any CPU
		{7A49F909-77F1-496D-8656-0C9F008E8083}.Release|Any CPU.ActiveCfg = Release|Any CPU
		{7A49F909-77F1-496D-8656-0C9F008E8083}.Release|Any CPU.Build.0 = Release|Any CPU
		{FA309674-00B7-44DE-AFB0-358DC6EE49BA}.Debug|Any CPU.ActiveCfg = Debug|Any CPU
		{FA309674-00B7-44DE-AFB0-358DC6EE49BA}.Debug|Any CPU.Build.0 = Debug|Any CPU
		{FA309674-00B7-44DE-AFB0-358DC6EE49BA}.Release|Any CPU.ActiveCfg = Release|Any CPU
		{FA309674-00B7-44DE-AFB0-358DC6EE49BA}.Release|Any CPU.Build.0 = Release|Any CPU
		{4258A46E-EE3E-4580-B67F-4546C7CD99B1}.Debug|Any CPU.ActiveCfg = Debug|Any CPU
		{4258A46E-EE3E-4580-B67F-4546C7CD99B1}.Debug|Any CPU.Build.0 = Debug|Any CPU
		{4258A46E-EE3E-4580-B67F-4546C7CD99B1}.Release|Any CPU.ActiveCfg = Release|Any CPU
		{4258A46E-EE3E-4580-B67F-4546C7CD99B1}.Release|Any CPU.Build.0 = Release|Any CPU
		{F50D377B-9438-4F4C-9D39-A183524CF1C9}.Debug|Any CPU.ActiveCfg = Debug|Any CPU
		{F50D377B-9438-4F4C-9D39-A183524CF1C9}.Debug|Any CPU.Build.0 = Debug|Any CPU
		{F50D377B-9438-4F4C-9D39-A183524CF1C9}.Release|Any CPU.ActiveCfg = Release|Any CPU
		{F50D377B-9438-4F4C-9D39-A183524CF1C9}.Release|Any CPU.Build.0 = Release|Any CPU
		{8B54604D-6672-4C51-9F25-9C550C43EC88}.Debug|Any CPU.ActiveCfg = Debug|Any CPU
		{8B54604D-6672-4C51-9F25-9C550C43EC88}.Debug|Any CPU.Build.0 = Debug|Any CPU
		{8B54604D-6672-4C51-9F25-9C550C43EC88}.Release|Any CPU.ActiveCfg = Release|Any CPU
		{8B54604D-6672-4C51-9F25-9C550C43EC88}.Release|Any CPU.Build.0 = Release|Any CPU
		{706C30FB-36B4-4A77-902C-71154951C057}.Debug|Any CPU.ActiveCfg = Debug|Any CPU
		{706C30FB-36B4-4A77-902C-71154951C057}.Debug|Any CPU.Build.0 = Debug|Any CPU
		{706C30FB-36B4-4A77-902C-71154951C057}.Release|Any CPU.ActiveCfg = Release|Any CPU
		{706C30FB-36B4-4A77-902C-71154951C057}.Release|Any CPU.Build.0 = Release|Any CPU
		{9A59846C-EC39-42B3-B3D1-9F94D7798C60}.Debug|Any CPU.ActiveCfg = Debug|Any CPU
		{9A59846C-EC39-42B3-B3D1-9F94D7798C60}.Debug|Any CPU.Build.0 = Debug|Any CPU
		{9A59846C-EC39-42B3-B3D1-9F94D7798C60}.Release|Any CPU.ActiveCfg = Release|Any CPU
		{9A59846C-EC39-42B3-B3D1-9F94D7798C60}.Release|Any CPU.Build.0 = Release|Any CPU
		{EC354785-E676-48A8-BBFB-24F017B90530}.Debug|Any CPU.ActiveCfg = Debug|Any CPU
		{EC354785-E676-48A8-BBFB-24F017B90530}.Debug|Any CPU.Build.0 = Debug|Any CPU
		{EC354785-E676-48A8-BBFB-24F017B90530}.Release|Any CPU.ActiveCfg = Release|Any CPU
		{EC354785-E676-48A8-BBFB-24F017B90530}.Release|Any CPU.Build.0 = Release|Any CPU
		{1917C8B2-0254-4A7B-A50E-BC98F863FF47}.Debug|Any CPU.ActiveCfg = Debug|Any CPU
		{1917C8B2-0254-4A7B-A50E-BC98F863FF47}.Debug|Any CPU.Build.0 = Debug|Any CPU
		{1917C8B2-0254-4A7B-A50E-BC98F863FF47}.Release|Any CPU.ActiveCfg = Release|Any CPU
		{1917C8B2-0254-4A7B-A50E-BC98F863FF47}.Release|Any CPU.Build.0 = Release|Any CPU
	EndGlobalSection
	GlobalSection(NestedProjects) = preSolution
		{95DCF503-9C5A-4D86-93CE-87EAD75F6FA7} = {731CA816-FCF5-449A-8A2E-7BE6E3CD5911}
		{7A49F909-77F1-496D-8656-0C9F008E8083} = {731CA816-FCF5-449A-8A2E-7BE6E3CD5911}
		{FA309674-00B7-44DE-AFB0-358DC6EE49BA} = {731CA816-FCF5-449A-8A2E-7BE6E3CD5911}
		{4258A46E-EE3E-4580-B67F-4546C7CD99B1} = {731CA816-FCF5-449A-8A2E-7BE6E3CD5911}
		{F50D377B-9438-4F4C-9D39-A183524CF1C9} = {731CA816-FCF5-449A-8A2E-7BE6E3CD5911}
		{8B54604D-6672-4C51-9F25-9C550C43EC88} = {BB099049-728A-4B86-A6BC-7665A264C0B3}
		{706C30FB-36B4-4A77-902C-71154951C057} = {02F78BCC-DBBB-4F97-BC8C-1D215FC9F36E}
		{9A59846C-EC39-42B3-B3D1-9F94D7798C60} = {02F78BCC-DBBB-4F97-BC8C-1D215FC9F36E}
		{EC354785-E676-48A8-BBFB-24F017B90530} = {0D6BB799-08EF-48A9-8121-4F0AE64D80BB}
		{1917C8B2-0254-4A7B-A50E-BC98F863FF47} = {D66E3B21-4FE4-4DA2-8500-13838537B64F}
	EndGlobalSection
EndGlobal
